
Microsoft Visual Studio Solution File, Format Version 12.00
# Visual Studio 14
VisualStudioVersion = 14.0.25420.1
MinimumVisualStudioVersion = 10.0.40219.1
Project("{FAE04EC0-301F-11D3-BF4B-00C04F79EFBC}") = "Game", "Game\Game.csproj", "{C8B3679F-01C4-43C4-B346-97F65080D047}"
EndProject
Project("{FAE04EC0-301F-11D3-BF4B-00C04F79EFBC}") = "CardGame", "CardGame\CardGame.csproj", "{CE257858-5512-4ACD-A527-E61FB564CE4F}"
EndProject
Project("{FAE04EC0-301F-11D3-BF4B-00C04F79EFBC}") = "CardBoxControl", "CardBoxControl\CardBoxControl.csproj", "{5833CDAC-0E8E-4214-9944-3BC2FAF88009}"
EndProject
Project("{FAE04EC0-301F-11D3-BF4B-00C04F79EFBC}") = "DeckViewer", "DeckViewerTester\DeckViewer.csproj", "{32FE9CC6-6F3A-42AF-9708-7CFFE6F02C6E}"
EndProject
Project("{FAE04EC0-301F-11D3-BF4B-00C04F79EFBC}") = "Ch13CardLib", "..\..\Ch13CardLib\Ch13CardLib\Ch13CardLib.csproj", "{6C0E076B-CA37-4678-8131-EE84037157B7}"
EndProject
Global
	GlobalSection(SolutionConfigurationPlatforms) = preSolution
		Debug|Any CPU = Debug|Any CPU
		Release|Any CPU = Release|Any CPU
	EndGlobalSection
	GlobalSection(ProjectConfigurationPlatforms) = postSolution
		{C8B3679F-01C4-43C4-B346-97F65080D047}.Debug|Any CPU.ActiveCfg = Debug|Any CPU
		{C8B3679F-01C4-43C4-B346-97F65080D047}.Debug|Any CPU.Build.0 = Debug|Any CPU
		{C8B3679F-01C4-43C4-B346-97F65080D047}.Release|Any CPU.ActiveCfg = Release|Any CPU
		{C8B3679F-01C4-43C4-B346-97F65080D047}.Release|Any CPU.Build.0 = Release|Any CPU
		{CE257858-5512-4ACD-A527-E61FB564CE4F}.Debug|Any CPU.ActiveCfg = Debug|Any CPU
		{CE257858-5512-4ACD-A527-E61FB564CE4F}.Debug|Any CPU.Build.0 = Debug|Any CPU
		{CE257858-5512-4ACD-A527-E61FB564CE4F}.Release|Any CPU.ActiveCfg = Release|Any CPU
		{CE257858-5512-4ACD-A527-E61FB564CE4F}.Release|Any CPU.Build.0 = Release|Any CPU
		{5833CDAC-0E8E-4214-9944-3BC2FAF88009}.Debug|Any CPU.ActiveCfg = Debug|Any CPU
		{5833CDAC-0E8E-4214-9944-3BC2FAF88009}.Debug|Any CPU.Build.0 = Debug|Any CPU
		{5833CDAC-0E8E-4214-9944-3BC2FAF88009}.Release|Any CPU.ActiveCfg = Release|Any CPU
		{5833CDAC-0E8E-4214-9944-3BC2FAF88009}.Release|Any CPU.Build.0 = Release|Any CPU
		{32FE9CC6-6F3A-42AF-9708-7CFFE6F02C6E}.Debug|Any CPU.ActiveCfg = Debug|Any CPU
		{32FE9CC6-6F3A-42AF-9708-7CFFE6F02C6E}.Debug|Any CPU.Build.0 = Debug|Any CPU
		{32FE9CC6-6F3A-42AF-9708-7CFFE6F02C6E}.Release|Any CPU.ActiveCfg = Release|Any CPU
		{32FE9CC6-6F3A-42AF-9708-7CFFE6F02C6E}.Release|Any CPU.Build.0 = Release|Any CPU
		{6C0E076B-CA37-4678-8131-EE84037157B7}.Debug|Any CPU.ActiveCfg = Debug|Any CPU
		{6C0E076B-CA37-4678-8131-EE84037157B7}.Debug|Any CPU.Build.0 = Debug|Any CPU
		{6C0E076B-CA37-4678-8131-EE84037157B7}.Release|Any CPU.ActiveCfg = Release|Any CPU
		{6C0E076B-CA37-4678-8131-EE84037157B7}.Release|Any CPU.Build.0 = Release|Any CPU
	EndGlobalSection
	GlobalSection(SolutionProperties) = preSolution
		HideSolutionNode = FALSE
	EndGlobalSection
EndGlobal
